{
  "name": "greymoth-devkit",
  "version": "0.1.0",
  "lockfileVersion": 3,
  "requires": true,
  "packages": {
    "": {
      "name": "greymoth-devkit",
      "version": "0.1.0",
      "license": "MIT",
      "workspaces": [
        "packages/tokens",
        "packages/rules-core",
        "packages/scorecard",
        "packages/sharecard"
      ],
      "devDependencies": {
        "typescript": "^5.7.2"
      },
      "engines": {
        "node": ">=24"
      }
    },
    "node_modules/@greymoth/rules-core": {
      "resolved": "packages/rules-core",
      "link": true
    },
    "node_modules/@greymoth/scorecard": {
      "resolved": "packages/scorecard",
      "link": true
    },
    "node_modules/@greymoth/sharecard": {
      "resolved": "packages/sharecard",
      "link": true
    },
    "node_modules/@greymoth/tokens": {
      "resolved": "packages/tokens",
      "link": true
    },
    "node_modules/typescript": {
      "version": "5.9.3",
      "resolved": "https://registry.npmjs.org/typescript/-/typescript-5.9.3.tgz",
      "integrity": "sha512-jl1vZzPDinLr9eUt3J/t7V6FgNEw9QjvBPdysz9KfQDD41fQrC2Y4vKQdiaUpFT4bXlb1RHhLpp8wtm6M5TgSw==",
      "dev": true,
      "license": "Apache-2.0",
      "bin": {
        "tsc": "bin/tsc",
        "tsserver": "bin/tsserver"
      },
      "engines": {
        "node": ">=14.17"
      }
    },
    "packages/rules-core": {
      "name": "@greymoth/rules-core",
      "version": "0.1.0",
      "license": "MIT"
    },
    "packages/scorecard": {
      "name": "@greymoth/scorecard",
      "version": "0.1.0",
      "license": "MIT",
      "dependencies": {
        "@greymoth/tokens": "^0.1.0"
      }
    },
    "packages/sharecard": {
      "name": "@greymoth/sharecard",
      "version": "0.1.0",
      "license": "MIT",
      "dependencies": {
        "@greymoth/scorecard": "^0.1.0",
        "@greymoth/tokens": "^0.1.0"
      }
    },
    "packages/tokens": {
      "name": "@greymoth/tokens",
      "version": "0.1.0",
      "license": "MIT"
    }
  }
}
